<?xml version="1.0" encoding="utf-8"?>
<Project ToolsVersion="4.0" xmlns="http://schemas.microsoft.com/developer/msbuild/2003">
  <ItemGroup>
    <Filter Include="Alpha">
      <UniqueIdentifier>{0B5CD40C-7770-FCBD-40F2-9F1DACC5F8EE}</UniqueIdentifier>
    </Filter>
  </ItemGroup>
  <ItemGroup>
    <ClInclude Include="src\Alpha.h" />
    <ClInclude Include="src\Alpha\Application.h">
      <Filter>Alpha</Filter>
    </ClInclude>
    <ClInclude Include="src\Alpha\Core.h">
      <Filter>Alpha</Filter>
    </ClInclude>
    <ClInclude Include="src\Alpha\EntryPoint.h">
      <Filter>Alpha</Filter>
    </ClInclude>
    <ClInclude Include="src\Alpha\Log.h">
      <Filter>Alpha</Filter>
    </ClInclude>
  </ItemGroup>
  <ItemGroup>
    <ClCompile Include="src\Alpha\Application.cpp">
      <Filter>Alpha</Filter>
    </ClCompile>
    <ClCompile Include="src\Alpha\Log.cpp">
      <Filter>Alpha</Filter>
    </ClCompile>
  </ItemGroup>
</Project>