<?xml version="1.0" encoding="utf-8"?>
<Project ToolsVersion="4.0" xmlns="http://schemas.microsoft.com/developer/msbuild/2003">
  <ItemGroup>
    <Filter Include="Alpha">
      <UniqueIdentifier>{0B5CD40C-7770-FCBD-40F2-9F1DACC5F8EE}</UniqueIdentifier>
    </Filter>
    <Filter Include="Alpha\Events">
      <UniqueIdentifier>{8FAD1E71-7B10-AE15-2496-E6CB10D87998}</UniqueIdentifier>
    </Filter>
    <Filter Include="Alpha\Platform">
      <UniqueIdentifier>{BF549E4F-AB22-9255-94B6-027C80236EBA}</UniqueIdentifier>
    </Filter>
    <Filter Include="Alpha\Platform\Windows">
      <UniqueIdentifier>{F94D9851-E547-C1A3-CEB4-57B4BA4D2710}</UniqueIdentifier>
    </Filter>
  </ItemGroup>
  <ItemGroup>
    <ClInclude Include="src\Alpha.h" />
    <ClInclude Include="src\Alpha\Application.h">
      <Filter>Alpha</Filter>
    </ClInclude>
    <ClInclude Include="src\Alpha\Core.h">
      <Filter>Alpha</Filter>
    </ClInclude>
    <ClInclude Include="src\Alpha\EntryPoint.h">
      <Filter>Alpha</Filter>
    </ClInclude>
    <ClInclude Include="src\Alpha\Events\ApplicationEvent.h">
      <Filter>Alpha\Events</Filter>
    </ClInclude>
    <ClInclude Include="src\Alpha\Events\Event.h">
      <Filter>Alpha\Events</Filter>
    </ClInclude>
    <ClInclude Include="src\Alpha\Events\KeyEvent.h">
      <Filter>Alpha\Events</Filter>
    </ClInclude>
    <ClInclude Include="src\Alpha\Events\MouseEvent.h">
      <Filter>Alpha\Events</Filter>
    </ClInclude>
    <ClInclude Include="src\Alpha\Log.h">
      <Filter>Alpha</Filter>
    </ClInclude>
    <ClInclude Include="src\Alpha\Platform\Windows\WindowsWindow.h">
      <Filter>Alpha\Platform\Windows</Filter>
    </ClInclude>
    <ClInclude Include="src\Alpha\Window.h">
      <Filter>Alpha</Filter>
    </ClInclude>
    <ClInclude Include="src\appch.h" />
  </ItemGroup>
  <ItemGroup>
    <ClCompile Include="src\Alpha\Application.cpp">
      <Filter>Alpha</Filter>
    </ClCompile>
    <ClCompile Include="src\Alpha\Log.cpp">
      <Filter>Alpha</Filter>
    </ClCompile>
    <ClCompile Include="src\Alpha\Platform\Windows\WindowsWindow.cpp">
      <Filter>Alpha\Platform\Windows</Filter>
    </ClCompile>
    <ClCompile Include="src\appch.cpp" />
  </ItemGroup>
</Project>